
Microsoft Visual Studio Solution File, Format Version 12.00
Project("{FAE04EC0-301F-11D3-BF4B-00C04F79EFBC}") = "MainClass", "MainClass\MainClass.csproj", "{F07FB0DD-DAC8-4D2A-8F78-AB91C31BE652}"
EndProject
Project("{FAE04EC0-301F-11D3-BF4B-00C04F79EFBC}") = "Tracer", "Tracer\Tracer.csproj", "{CE366FA7-FCD3-4D3B-9178-014AFA60D63A}"
EndProject
Global
	GlobalSection(SolutionConfigurationPlatforms) = preSolution
		Debug|Any CPU = Debug|Any CPU
		Release|Any CPU = Release|Any CPU
	EndGlobalSection
	GlobalSection(ProjectConfigurationPlatforms) = postSolution
		{F07FB0DD-DAC8-4D2A-8F78-AB91C31BE652}.Debug|Any CPU.ActiveCfg = Debug|Any CPU
		{F07FB0DD-DAC8-4D2A-8F78-AB91C31BE652}.Debug|Any CPU.Build.0 = Debug|Any CPU
		{F07FB0DD-DAC8-4D2A-8F78-AB91C31BE652}.Release|Any CPU.ActiveCfg = Release|Any CPU
		{F07FB0DD-DAC8-4D2A-8F78-AB91C31BE652}.Release|Any CPU.Build.0 = Release|Any CPU
		{CE366FA7-FCD3-4D3B-9178-014AFA60D63A}.Debug|Any CPU.ActiveCfg = Debug|Any CPU
		{CE366FA7-FCD3-4D3B-9178-014AFA60D63A}.Debug|Any CPU.Build.0 = Debug|Any CPU
		{CE366FA7-FCD3-4D3B-9178-014AFA60D63A}.Release|Any CPU.ActiveCfg = Release|Any CPU
		{CE366FA7-FCD3-4D3B-9178-014AFA60D63A}.Release|Any CPU.Build.0 = Release|Any CPU
	EndGlobalSection
EndGlobal
